PODS:
  - Alamofire (4.7.0)
  - Cosmos (15.0.0)
  - HGPlaceholders (0.3.0)
  - Kingfisher (4.6.4)
  - Snakepit (0.0.10)

DEPENDENCIES:
  - Alamofire (~> 4.7)
  - Cosmos (~> 15.0)
  - HGPlaceholders
  - Kingfisher
  - Snakepit

SPEC CHECKSUMS:
  Alamofire: 907e0a98eb68cdb7f9d1f541a563d6ac5dc77b25
  Cosmos: a6dbd3d0baa0cc8f51f8598f7508d5a09d0a9ade
  HGPlaceholders: 2df01c51b04a30acd0b8c9c7161c7cdde4541109
  Kingfisher: 68498a706e46c2a050b0c9572f100e5db407f6e0
  Snakepit: 9c8d5fd5b4182eba0fc43689cb1b6426a2d91825

PODFILE CHECKSUM: 2804c185adaea580243c3aaf5a75eb49be398eff

COCOAPODS: 1.4.0
