// !$*UTF8*$!
{
	archiveVersion = 1;
	classes = {
	};
	objectVersion = 48;
	objects = {

/* Begin PBXBuildFile section */
		A00E333820671CD700CC20BD /* AppDelegate.swift in Sources */ = {isa = PBXBuildFile; fileRef = A00E333720671CD700CC20BD /* AppDelegate.swift */; };
		A00E333A20671CD700CC20BD /* ViewController.swift in Sources */ = {isa = PBXBuildFile; fileRef = A00E333920671CD700CC20BD /* ViewController.swift */; };
		A00E333D20671CD700CC20BD /* Main.storyboard in Resources */ = {isa = PBXBuildFile; fileRef = A00E333B20671CD700CC20BD /* Main.storyboard */; };
		A00E333F20671CD700CC20BD /* Assets.xcassets in Resources */ = {isa = PBXBuildFile; fileRef = A00E333E20671CD700CC20BD /* Assets.xcassets */; };
		A00E334220671CD700CC20BD /* LaunchScreen.storyboard in Resources */ = {isa = PBXBuildFile; fileRef = A00E334020671CD700CC20BD /* LaunchScreen.storyboard */; };
		CD6849DEA5C7B6AA15F2459F /* Pods_BeaconBrocaster.framework in Frameworks */ = {isa = PBXBuildFile; fileRef = D50B958E2F3902905A5A24BD /* Pods_BeaconBrocaster.framework */; };
/* End PBXBuildFile section */

/* Begin PBXFileReference section */
		80D23FDD427C6050D52FEA1A /* Pods-BeaconBrocaster.release.xcconfig */ = {isa = PBXFileReference; includeInIndex = 1; lastKnownFileType = text.xcconfig; name = "Pods-BeaconBrocaster.release.xcconfig"; path = "Pods/Target Support Files/Pods-BeaconBrocaster/Pods-BeaconBrocaster.release.xcconfig"; sourceTree = "<group>"; };
		A00E333420671CD700CC20BD /* BeaconBrocaster.app */ = {isa = PBXFileReference; explicitFileType = wrapper.application; includeInIndex = 0; path = BeaconBrocaster.app; sourceTree = BUILT_PRODUCTS_DIR; };
		A00E333720671CD700CC20BD /* AppDelegate.swift */ = {isa = PBXFileReference; lastKnownFileType = sourcecode.swift; path = AppDelegate.swift; sourceTree = "<group>"; };
		A00E333920671CD700CC20BD /* ViewController.swift */ = {isa = PBXFileReference; lastKnownFileType = sourcecode.swift; path = ViewController.swift; sourceTree = "<group>"; };
		A00E333C20671CD700CC20BD /* Base */ = {isa = PBXFileReference; lastKnownFileType = file.storyboard; name = Base; path = Base.lproj/Main.storyboard; sourceTree = "<group>"; };
		A00E333E20671CD700CC20BD /* Assets.xcassets */ = {isa = PBXFileReference; lastKnownFileType = folder.assetcatalog; path = Assets.xcassets; sourceTree = "<group>"; };
		A00E334120671CD700CC20BD /* Base */ = {isa = PBXFileReference; lastKnownFileType = file.storyboard; name = Base; path = Base.lproj/LaunchScreen.storyboard; sourceTree = "<group>"; };
		A00E334320671CD700CC20BD /* Info.plist */ = {isa = PBXFileReference; lastKnownFileType = text.plist.xml; path = Info.plist; sourceTree = "<group>"; };
		C74BBEAC374EB853A716F69A /* Pods-BeaconBrocaster.debug.xcconfig */ = {isa = PBXFileReference; includeInIndex = 1; lastKnownFileType = text.xcconfig; name = "Pods-BeaconBrocaster.debug.xcconfig"; path = "Pods/Target Support Files/Pods-BeaconBrocaster/Pods-BeaconBrocaster.debug.xcconfig"; sourceTree = "<group>"; };
		D50B958E2F3902905A5A24BD /* Pods_BeaconBrocaster.framework */ = {isa = PBXFileReference; explicitFileType = wrapper.framework; includeInIndex = 0; path = Pods_BeaconBrocaster.framework; sourceTree = BUILT_PRODUCTS_DIR; };
/* End PBXFileReference section */

/* Begin PBXFrameworksBuildPhase section */
		A00E333120671CD700CC20BD /* Frameworks */ = {
			isa = PBXFrameworksBuildPhase;
			buildActionMask = 2147483647;
			files = (
				CD6849DEA5C7B6AA15F2459F /* Pods_BeaconBrocaster.framework in Frameworks */,
			);
			runOnlyForDeploymentPostprocessing = 0;
		};
/* End PBXFrameworksBuildPhase section */

/* Begin PBXGroup section */
		0EB04D87EF86076E7BCC0C8D /* Frameworks */ = {
			isa = PBXGroup;
			children = (
				D50B958E2F3902905A5A24BD /* Pods_BeaconBrocaster.framework */,
			);
			name = Frameworks;
			sourceTree = "<group>";
		};
		0F91C1E9DEDA947A9531E8B4 /* Pods */ = {
			isa = PBXGroup;
			children = (
				C74BBEAC374EB853A716F69A /* Pods-BeaconBrocaster.debug.xcconfig */,
				80D23FDD427C6050D52FEA1A /* Pods-BeaconBrocaster.release.xcconfig */,
			);
			name = Pods;
			sourceTree = "<group>";
		};
		A00E332B20671CD700CC20BD = {
			isa = PBXGroup;
			children = (
				A00E333620671CD700CC20BD /* BeaconBrocaster */,
				A00E333520671CD700CC20BD /* Products */,
				0F91C1E9DEDA947A9531E8B4 /* Pods */,
				0EB04D87EF86076E7BCC0C8D /* Frameworks */,
			);
			sourceTree = "<group>";
		};
		A00E333520671CD700CC20BD /* Products */ = {
			isa = PBXGroup;
			children = (
				A00E333420671CD700CC20BD /* BeaconBrocaster.app */,
			);
			name = Products;
			sourceTree = "<group>";
		};
		A00E333620671CD700CC20BD /* BeaconBrocaster */ = {
			isa = PBXGroup;
			children = (
				A00E333720671CD700CC20BD /* AppDelegate.swift */,
				A00E333920671CD700CC20BD /* ViewController.swift */,
				A00E333B20671CD700CC20BD /* Main.storyboard */,
				A00E333E20671CD700CC20BD /* Assets.xcassets */,
				A00E334020671CD700CC20BD /* LaunchScreen.storyboard */,
				A00E334320671CD700CC20BD /* Info.plist */,
			);
			path = BeaconBrocaster;
			sourceTree = "<group>";
		};
/* End PBXGroup section */

/* Begin PBXNativeTarget section */
		A00E333320671CD700CC20BD /* BeaconBrocaster */ = {
			isa = PBXNativeTarget;
			buildConfigurationList = A00E334620671CD700CC20BD /* Build configuration list for PBXNativeTarget "BeaconBrocaster" */;
			buildPhases = (
				D20A2456CD9DC3D51B809B28 /* [CP] Check Pods Manifest.lock */,
				A00E333020671CD700CC20BD /* Sources */,
				A00E333120671CD700CC20BD /* Frameworks */,
				A00E333220671CD700CC20BD /* Resources */,
				312E6E556F5F7C5B17D91C5A /* [CP] Embed Pods Frameworks */,
				E8248DEEB3D6F0576A3D3819 /* [CP] Copy Pods Resources */,
			);
			buildRules = (
			);
			dependencies = (
			);
			name = BeaconBrocaster;
			productName = BeaconBrocaster;
			productReference = A00E333420671CD700CC20BD /* BeaconBrocaster.app */;
			productType = "com.apple.product-type.application";
		};
/* End PBXNativeTarget section */

/* Begin PBXProject section */
		A00E332C20671CD700CC20BD /* Project object */ = {
			isa = PBXProject;
			attributes = {
				LastSwiftUpdateCheck = 0920;
				LastUpgradeCheck = 0920;
				ORGANIZATIONNAME = x52;
				TargetAttributes = {
					A00E333320671CD700CC20BD = {
						CreatedOnToolsVersion = 9.2;
						ProvisioningStyle = Automatic;
					};
				};
			};
			buildConfigurationList = A00E332F20671CD700CC20BD /* Build configuration list for PBXProject "BeaconBrocaster" */;
			compatibilityVersion = "Xcode 8.0";
			developmentRegion = en;
			hasScannedForEncodings = 0;
			knownRegions = (
				en,
				Base,
			);
			mainGroup = A00E332B20671CD700CC20BD;
			productRefGroup = A00E333520671CD700CC20BD /* Products */;
			projectDirPath = "";
			projectRoot = "";
			targets = (
				A00E333320671CD700CC20BD /* BeaconBrocaster */,
			);
		};
/* End PBXProject section */

/* Begin PBXResourcesBuildPhase section */
		A00E333220671CD700CC20BD /* Resources */ = {
			isa = PBXResourcesBuildPhase;
			buildActionMask = 2147483647;
			files = (
				A00E334220671CD700CC20BD /* LaunchScreen.storyboard in Resources */,
				A00E333F20671CD700CC20BD /* Assets.xcassets in Resources */,
				A00E333D20671CD700CC20BD /* Main.storyboard in Resources */,
			);
			runOnlyForDeploymentPostprocessing = 0;
		};
/* End PBXResourcesBuildPhase section */

/* Begin PBXShellScriptBuildPhase section */
		312E6E556F5F7C5B17D91C5A /* [CP] Embed Pods Frameworks */ = {
			isa = PBXShellScriptBuildPhase;
			buildActionMask = 2147483647;
			files = (
			);
			inputPaths = (
				"${SRCROOT}/Pods/Target Support Files/Pods-BeaconBrocaster/Pods-BeaconBrocaster-frameworks.sh",
				"${BUILT_PRODUCTS_DIR}/Snakepit/Snakepit.framework",
			);
			name = "[CP] Embed Pods Frameworks";
			outputPaths = (
				"${TARGET_BUILD_DIR}/${FRAMEWORKS_FOLDER_PATH}/Snakepit.framework",
			);
			runOnlyForDeploymentPostprocessing = 0;
			shellPath = /bin/sh;
			shellScript = "\"${SRCROOT}/Pods/Target Support Files/Pods-BeaconBrocaster/Pods-BeaconBrocaster-frameworks.sh\"\n";
			showEnvVarsInLog = 0;
		};
		D20A2456CD9DC3D51B809B28 /* [CP] Check Pods Manifest.lock */ = {
			isa = PBXShellScriptBuildPhase;
			buildActionMask = 2147483647;
			files = (
			);
			inputPaths = (
				"${PODS_PODFILE_DIR_PATH}/Podfile.lock",
				"${PODS_ROOT}/Manifest.lock",
			);
			name = "[CP] Check Pods Manifest.lock";
			outputPaths = (
				"$(DERIVED_FILE_DIR)/Pods-BeaconBrocaster-checkManifestLockResult.txt",
			);
			runOnlyForDeploymentPostprocessing = 0;
			shellPath = /bin/sh;
			shellScript = "diff \"${PODS_PODFILE_DIR_PATH}/Podfile.lock\" \"${PODS_ROOT}/Manifest.lock\" > /dev/null\nif [ $? != 0 ] ; then\n    # print error to STDERR\n    echo \"error: The sandbox is not in sync with the Podfile.lock. Run 'pod install' or update your CocoaPods installation.\" >&2\n    exit 1\nfi\n# This output is used by Xcode 'outputs' to avoid re-running this script phase.\necho \"SUCCESS\" > \"${SCRIPT_OUTPUT_FILE_0}\"\n";
			showEnvVarsInLog = 0;
		};
		E8248DEEB3D6F0576A3D3819 /* [CP] Copy Pods Resources */ = {
			isa = PBXShellScriptBuildPhase;
			buildActionMask = 2147483647;
			files = (
			);
			inputPaths = (
			);
			name = "[CP] Copy Pods Resources";
			outputPaths = (
			);
			runOnlyForDeploymentPostprocessing = 0;
			shellPath = /bin/sh;
			shellScript = "\"${SRCROOT}/Pods/Target Support Files/Pods-BeaconBrocaster/Pods-BeaconBrocaster-resources.sh\"\n";
			showEnvVarsInLog = 0;
		};
/* End PBXShellScriptBuildPhase section */

/* Begin PBXSourcesBuildPhase section */
		A00E333020671CD700CC20BD /* Sources */ = {
			isa = PBXSourcesBuildPhase;
			buildActionMask = 2147483647;
			files = (
				A00E333A20671CD700CC20BD /* ViewController.swift in Sources */,
				A00E333820671CD700CC20BD /* AppDelegate.swift in Sources */,
			);
			runOnlyForDeploymentPostprocessing = 0;
		};
/* End PBXSourcesBuildPhase section */

/* Begin PBXVariantGroup section */
		A00E333B20671CD700CC20BD /* Main.storyboard */ = {
			isa = PBXVariantGroup;
			children = (
				A00E333C20671CD700CC20BD /* Base */,
			);
			name = Main.storyboard;
			sourceTree = "<group>";
		};
		A00E334020671CD700CC20BD /* LaunchScreen.storyboard */ = {
			isa = PBXVariantGroup;
			children = (
				A00E334120671CD700CC20BD /* Base */,
			);
			name = LaunchScreen.storyboard;
			sourceTree = "<group>";
		};
/* End PBXVariantGroup section */

/* Begin XCBuildConfiguration section */
		A00E334420671CD700CC20BD /* Debug */ = {
			isa = XCBuildConfiguration;
			buildSettings = {
				ALWAYS_SEARCH_USER_PATHS = NO;
				CLANG_ANALYZER_NONNULL = YES;
				CLANG_ANALYZER_NUMBER_OBJECT_CONVERSION = YES_AGGRESSIVE;
				CLANG_CXX_LANGUAGE_STANDARD = "gnu++14";
				CLANG_CXX_LIBRARY = "libc++";
				CLANG_ENABLE_MODULES = YES;
				CLANG_ENABLE_OBJC_ARC = YES;
				CLANG_WARN_BLOCK_CAPTURE_AUTORELEASING = YES;
				CLANG_WARN_BOOL_CONVERSION = YES;
				CLANG_WARN_COMMA = YES;
				CLANG_WARN_CONSTANT_CONVERSION = YES;
				CLANG_WARN_DIRECT_OBJC_ISA_USAGE = YES_ERROR;
				CLANG_WARN_DOCUMENTATION_COMMENTS = YES;
				CLANG_WARN_EMPTY_BODY = YES;
				CLANG_WARN_ENUM_CONVERSION = YES;
				CLANG_WARN_INFINITE_RECURSION = YES;
				CLANG_WARN_INT_CONVERSION = YES;
				CLANG_WARN_NON_LITERAL_NULL_CONVERSION = YES;
				CLANG_WARN_OBJC_LITERAL_CONVERSION = YES;
				CLANG_WARN_OBJC_ROOT_CLASS = YES_ERROR;
				CLANG_WARN_RANGE_LOOP_ANALYSIS = YES;
				CLANG_WARN_STRICT_PROTOTYPES = YES;
				CLANG_WARN_SUSPICIOUS_MOVE = YES;
				CLANG_WARN_UNGUARDED_AVAILABILITY = YES_AGGRESSIVE;
				CLANG_WARN_UNREACHABLE_CODE = YES;
				CLANG_WARN__DUPLICATE_METHOD_MATCH = YES;
				CODE_SIGN_IDENTITY = "iPhone Developer";
				COPY_PHASE_STRIP = NO;
				DEBUG_INFORMATION_FORMAT = dwarf;
				ENABLE_STRICT_OBJC_MSGSEND = YES;
				ENABLE_TESTABILITY = YES;
				GCC_C_LANGUAGE_STANDARD = gnu11;
				GCC_DYNAMIC_NO_PIC = NO;
				GCC_NO_COMMON_BLOCKS = YES;
				GCC_OPTIMIZATION_LEVEL = 0;
				GCC_PREPROCESSOR_DEFINITIONS = (
					"DEBUG=1",
					"$(inherited)",
				);
				GCC_WARN_64_TO_32_BIT_CONVERSION = YES;
				GCC_WARN_ABOUT_RETURN_TYPE = YES_ERROR;
				GCC_WARN_UNDECLARED_SELECTOR = YES;
				GCC_WARN_UNINITIALIZED_AUTOS = YES_AGGRESSIVE;
				GCC_WARN_UNUSED_FUNCTION = YES;
				GCC_WARN_UNUSED_VARIABLE = YES;
				IPHONEOS_DEPLOYMENT_TARGET = 11.2;
				MTL_ENABLE_DEBUG_INFO = YES;
				ONLY_ACTIVE_ARCH = YES;
				SDKROOT = iphoneos;
				SWIFT_ACTIVE_COMPILATION_CONDITIONS = DEBUG;
				SWIFT_OPTIMIZATION_LEVEL = "-Onone";
			};
			name = Debug;
		};
		A00E334520671CD700CC20BD /* Release */ = {
			isa = XCBuildConfiguration;
			buildSettings = {
				ALWAYS_SEARCH_USER_PATHS = NO;
				CLANG_ANALYZER_NONNULL = YES;
				CLANG_ANALYZER_NUMBER_OBJECT_CONVERSION = YES_AGGRESSIVE;
				CLANG_CXX_LANGUAGE_STANDARD = "gnu++14";
				CLANG_CXX_LIBRARY = "libc++";
				CLANG_ENABLE_MODULES = YES;
				CLANG_ENABLE_OBJC_ARC = YES;
				CLANG_WARN_BLOCK_CAPTURE_AUTORELEASING = YES;
				CLANG_WARN_BOOL_CONVERSION = YES;
				CLANG_WARN_COMMA = YES;
				CLANG_WARN_CONSTANT_CONVERSION = YES;
				CLANG_WARN_DIRECT_OBJC_ISA_USAGE = YES_ERROR;
				CLANG_WARN_DOCUMENTATION_COMMENTS = YES;
				CLANG_WARN_EMPTY_BODY = YES;
				CLANG_WARN_ENUM_CONVERSION = YES;
				CLANG_WARN_INFINITE_RECURSION = YES;
				CLANG_WARN_INT_CONVERSION = YES;
				CLANG_WARN_NON_LITERAL_NULL_CONVERSION = YES;
				CLANG_WARN_OBJC_LITERAL_CONVERSION = YES;
				CLANG_WARN_OBJC_ROOT_CLASS = YES_ERROR;
				CLANG_WARN_RANGE_LOOP_ANALYSIS = YES;
				CLANG_WARN_STRICT_PROTOTYPES = YES;
				CLANG_WARN_SUSPICIOUS_MOVE = YES;
				CLANG_WARN_UNGUARDED_AVAILABILITY = YES_AGGRESSIVE;
				CLANG_WARN_UNREACHABLE_CODE = YES;
				CLANG_WARN__DUPLICATE_METHOD_MATCH = YES;
				CODE_SIGN_IDENTITY = "iPhone Developer";
				COPY_PHASE_STRIP = NO;
				DEBUG_INFORMATION_FORMAT = "dwarf-with-dsym";
				ENABLE_NS_ASSERTIONS = NO;
				ENABLE_STRICT_OBJC_MSGSEND = YES;
				GCC_C_LANGUAGE_STANDARD = gnu11;
				GCC_NO_COMMON_BLOCKS = YES;
				GCC_WARN_64_TO_32_BIT_CONVERSION = YES;
				GCC_WARN_ABOUT_RETURN_TYPE = YES_ERROR;
				GCC_WARN_UNDECLARED_SELECTOR = YES;
				GCC_WARN_UNINITIALIZED_AUTOS = YES_AGGRESSIVE;
				GCC_WARN_UNUSED_FUNCTION = YES;
				GCC_WARN_UNUSED_VARIABLE = YES;
				IPHONEOS_DEPLOYMENT_TARGET = 11.2;
				MTL_ENABLE_DEBUG_INFO = NO;
				SDKROOT = iphoneos;
				SWIFT_OPTIMIZATION_LEVEL = "-Owholemodule";
				VALIDATE_PRODUCT = YES;
			};
			name = Release;
		};
		A00E334720671CD700CC20BD /* Debug */ = {
			isa = XCBuildConfiguration;
			baseConfigurationReference = C74BBEAC374EB853A716F69A /* Pods-BeaconBrocaster.debug.xcconfig */;
			buildSettings = {
				ASSETCATALOG_COMPILER_APPICON_NAME = AppIcon;
				CODE_SIGN_STYLE = Automatic;
				DEVELOPMENT_TEAM = 46GF7TV564;
				INFOPLIST_FILE = BeaconBrocaster/Info.plist;
				LD_RUNPATH_SEARCH_PATHS = "$(inherited) @executable_path/Frameworks";
				PRODUCT_BUNDLE_IDENTIFIER = com.x52.beconstation.BeaconBrocaster;
				PRODUCT_NAME = "$(TARGET_NAME)";
				SWIFT_VERSION = 4.0;
				TARGETED_DEVICE_FAMILY = "1,2";
			};
			name = Debug;
		};
		A00E334820671CD700CC20BD /* Release */ = {
			isa = XCBuildConfiguration;
			baseConfigurationReference = 80D23FDD427C6050D52FEA1A /* Pods-BeaconBrocaster.release.xcconfig */;
			buildSettings = {
				ASSETCATALOG_COMPILER_APPICON_NAME = AppIcon;
				CODE_SIGN_STYLE = Automatic;
				DEVELOPMENT_TEAM = 46GF7TV564;
				INFOPLIST_FILE = BeaconBrocaster/Info.plist;
				LD_RUNPATH_SEARCH_PATHS = "$(inherited) @executable_path/Frameworks";
				PRODUCT_BUNDLE_IDENTIFIER = com.x52.beconstation.BeaconBrocaster;
				PRODUCT_NAME = "$(TARGET_NAME)";
				SWIFT_VERSION = 4.0;
				TARGETED_DEVICE_FAMILY = "1,2";
			};
			name = Release;
		};
/* End XCBuildConfiguration section */

/* Begin XCConfigurationList section */
		A00E332F20671CD700CC20BD /* Build configuration list for PBXProject "BeaconBrocaster" */ = {
			isa = XCConfigurationList;
			buildConfigurations = (
				A00E334420671CD700CC20BD /* Debug */,
				A00E334520671CD700CC20BD /* Release */,
			);
			defaultConfigurationIsVisible = 0;
			defaultConfigurationName = Release;
		};
		A00E334620671CD700CC20BD /* Build configuration list for PBXNativeTarget "BeaconBrocaster" */ = {
			isa = XCConfigurationList;
			buildConfigurations = (
				A00E334720671CD700CC20BD /* Debug */,
				A00E334820671CD700CC20BD /* Release */,
			);
			defaultConfigurationIsVisible = 0;
			defaultConfigurationName = Release;
		};
/* End XCConfigurationList section */
	};
	rootObject = A00E332C20671CD700CC20BD /* Project object */;
}
